
Microsoft Visual Studio Solution File, Format Version 12.00
# Visual Studio Version 16
VisualStudioVersion = 16.0.30225.117
MinimumVisualStudioVersion = 10.0.40219.1
Project("{FAE04EC0-301F-11D3-BF4B-00C04F79EFBC}") = "SalesWebMvc", "SalesWebMvc\SalesWebMvc.csproj", "{B70838D8-938A-4818-BD33-07E9E98025A9}"
EndProject
Global
	GlobalSection(SolutionConfigurationPlatforms) = preSolution
		Debug|Any CPU = Debug|Any CPU
		Release|Any CPU = Release|Any CPU
	EndGlobalSection
	GlobalSection(ProjectConfigurationPlatforms) = postSolution
		{B70838D8-938A-4818-BD33-07E9E98025A9}.Debug|Any CPU.ActiveCfg = Debug|Any CPU
		{B70838D8-938A-4818-BD33-07E9E98025A9}.Debug|Any CPU.Build.0 = Debug|Any CPU
		{B70838D8-938A-4818-BD33-07E9E98025A9}.Release|Any CPU.ActiveCfg = Release|Any CPU
		{B70838D8-938A-4818-BD33-07E9E98025A9}.Release|Any CPU.Build.0 = Release|Any CPU
	EndGlobalSection
	GlobalSection(SolutionProperties) = preSolution
		HideSolutionNode = FALSE
	EndGlobalSection
	GlobalSection(ExtensibilityGlobals) = postSolution
		SolutionGuid = {0062EB11-3559-4453-B1EB-602D3ECD8362}
	EndGlobalSection
EndGlobal
